Microsoft Visual Studio Solution File, Format Version 12.00
# Visual Studio Version 17
VisualStudioVersion = 17.0.31611.283
MinimumVisualStudioVersion = 10.0.40219.1
Project("{9A19103F-16F7-4668-BE54-9A1E7A4F7556}") = "RealEstate", "RealEstate\RealEstate.csproj", "{19E28AB1-425D-4446-A8F2-384C602B8295}"
EndProject
Project("{2150E333-8FDC-42A3-9474-1A3956D46DE8}") = "Common", "Common", "{3283D64A-2B18-47AC-BF9A-4271A147F3AB}"
EndProject
Project("{FAE04EC0-301F-11D3-BF4B-00C04F79EFBC}") = "Common.Http", "Common.Http\Common.Http.csproj", "{21D07D0C-6A05-4356-BB8B-11E12AC29AF9}"
EndProject
Project("{FAE04EC0-301F-11D3-BF4B-00C04F79EFBC}") = "Common.Log", "Common.Log\Common.Log.csproj", "{F3AE0103-380A-4579-A75A-093E6B252AAE}"
EndProject
Project("{FAE04EC0-301F-11D3-BF4B-00C04F79EFBC}") = "Common.Base", "Common.Base\Common.Base.csproj", "{3F27CAC4-1CFF-4443-9269-EC65FA3FC8F0}"
EndProject
Project("{FAE04EC0-301F-11D3-BF4B-00C04F79EFBC}") = "RealEstate.Providers", "RealEstate.Providers\RealEstate.Providers.csproj", "{82D91406-36AE-47C0-8E49-3F13BE1976FC}"
EndProject
Global
	GlobalSection(SolutionConfigurationPlatforms) = preSolution
		Debug|Any CPU = Debug|Any CPU
		Release|Any CPU = Release|Any CPU
	EndGlobalSection
	GlobalSection(ProjectConfigurationPlatforms) = postSolution
		{19E28AB1-425D-4446-A8F2-384C602B8295}.Debug|Any CPU.ActiveCfg = Debug|Any CPU
		{19E28AB1-425D-4446-A8F2-384C602B8295}.Debug|Any CPU.Build.0 = Debug|Any CPU
		{19E28AB1-425D-4446-A8F2-384C602B8295}.Debug|Any CPU.Deploy.0 = Debug|Any CPU
		{19E28AB1-425D-4446-A8F2-384C602B8295}.Release|Any CPU.ActiveCfg = Release|Any CPU
		{19E28AB1-425D-4446-A8F2-384C602B8295}.Release|Any CPU.Build.0 = Release|Any CPU
		{19E28AB1-425D-4446-A8F2-384C602B8295}.Release|Any CPU.Deploy.0 = Release|Any CPU
		{21D07D0C-6A05-4356-BB8B-11E12AC29AF9}.Debug|Any CPU.ActiveCfg = Debug|Any CPU
		{21D07D0C-6A05-4356-BB8B-11E12AC29AF9}.Debug|Any CPU.Build.0 = Debug|Any CPU
		{21D07D0C-6A05-4356-BB8B-11E12AC29AF9}.Release|Any CPU.ActiveCfg = Release|Any CPU
		{21D07D0C-6A05-4356-BB8B-11E12AC29AF9}.Release|Any CPU.Build.0 = Release|Any CPU
		{F3AE0103-380A-4579-A75A-093E6B252AAE}.Debug|Any CPU.ActiveCfg = Debug|Any CPU
		{F3AE0103-380A-4579-A75A-093E6B252AAE}.Debug|Any CPU.Build.0 = Debug|Any CPU
		{F3AE0103-380A-4579-A75A-093E6B252AAE}.Release|Any CPU.ActiveCfg = Release|Any CPU
		{F3AE0103-380A-4579-A75A-093E6B252AAE}.Release|Any CPU.Build.0 = Release|Any CPU
		{3F27CAC4-1CFF-4443-9269-EC65FA3FC8F0}.Debug|Any CPU.ActiveCfg = Debug|Any CPU
		{3F27CAC4-1CFF-4443-9269-EC65FA3FC8F0}.Debug|Any CPU.Build.0 = Debug|Any CPU
		{3F27CAC4-1CFF-4443-9269-EC65FA3FC8F0}.Release|Any CPU.ActiveCfg = Release|Any CPU
		{3F27CAC4-1CFF-4443-9269-EC65FA3FC8F0}.Release|Any CPU.Build.0 = Release|Any CPU
		{82D91406-36AE-47C0-8E49-3F13BE1976FC}.Debug|Any CPU.ActiveCfg = Debug|Any CPU
		{82D91406-36AE-47C0-8E49-3F13BE1976FC}.Debug|Any CPU.Build.0 = Debug|Any CPU
		{82D91406-36AE-47C0-8E49-3F13BE1976FC}.Release|Any CPU.ActiveCfg = Release|Any CPU
		{82D91406-36AE-47C0-8E49-3F13BE1976FC}.Release|Any CPU.Build.0 = Release|Any CPU
	EndGlobalSection
	GlobalSection(SolutionProperties) = preSolution
		HideSolutionNode = FALSE
	EndGlobalSection
	GlobalSection(ExtensibilityGlobals) = postSolution
										SolutionGuid = {61F7FB11-1E47-470C-91E2-47F8143E1572}
		SolutionGuid = {D5605E1F-D539-4E66-9EEB-037E616C19FF}
	EndGlobalSection
	GlobalSection(NestedProjects) = preSolution
		{21D07D0C-6A05-4356-BB8B-11E12AC29AF9} = {3283D64A-2B18-47AC-BF9A-4271A147F3AB}
		{F3AE0103-380A-4579-A75A-093E6B252AAE} = {3283D64A-2B18-47AC-BF9A-4271A147F3AB}
		{3F27CAC4-1CFF-4443-9269-EC65FA3FC8F0} = {3283D64A-2B18-47AC-BF9A-4271A147F3AB}
	EndGlobalSection
EndGlobal
